
Microsoft Visual Studio Solution File, Format Version 12.00
# Visual Studio Version 17
VisualStudioVersion = 17.5.002.0
MinimumVisualStudioVersion = 10.0.40219.1
Project("{9A19103F-16F7-4668-BE54-9A1E7A4F7556}") = "ChatApp", "ChatApp.csproj", "{F1909B54-E6ED-405A-A9F6-21319A4228BD}"
EndProject
Global
	GlobalSection(SolutionConfigurationPlatforms) = preSolution
		Debug|Any CPU = Debug|Any CPU
		Release|Any CPU = Release|Any CPU
	EndGlobalSection
	GlobalSection(ProjectConfigurationPlatforms) = postSolution
		{F1909B54-E6ED-405A-A9F6-21319A4228BD}.Debug|Any CPU.ActiveCfg = Debug|Any CPU
		{F1909B54-E6ED-405A-A9F6-21319A4228BD}.Debug|Any CPU.Build.0 = Debug|Any CPU
		{F1909B54-E6ED-405A-A9F6-21319A4228BD}.Release|Any CPU.ActiveCfg = Release|Any CPU
		{F1909B54-E6ED-405A-A9F6-21319A4228BD}.Release|Any CPU.Build.0 = Release|Any CPU
	EndGlobalSection
	GlobalSection(SolutionProperties) = preSolution
		HideSolutionNode = FALSE
	EndGlobalSection
	GlobalSection(ExtensibilityGlobals) = postSolution
		SolutionGuid = {545A2721-B44D-4A3A-85D5-1BBAB5593B5B}
	EndGlobalSection
EndGlobal
